
Microsoft Visual Studio Solution File, Format Version 11.00
# Visual Studio 2010
Project("{FAE04EC0-301F-11D3-BF4B-00C04F79EFBC}") = "CameraControl.ServerTest", "CameraControl.ServerTest.csproj", "{63814CDB-7E0A-481A-9BD0-3D3F48EB5A18}"
EndProject
Global
	GlobalSection(SolutionConfigurationPlatforms) = preSolution
		Debug|x86 = Debug|x86
		Release|x86 = Release|x86
	EndGlobalSection
	GlobalSection(ProjectConfigurationPlatforms) = postSolution
		{63814CDB-7E0A-481A-9BD0-3D3F48EB5A18}.Debug|x86.ActiveCfg = Debug|x86
		{63814CDB-7E0A-481A-9BD0-3D3F48EB5A18}.Debug|x86.Build.0 = Debug|x86
		{63814CDB-7E0A-481A-9BD0-3D3F48EB5A18}.Release|x86.ActiveCfg = Release|x86
		{63814CDB-7E0A-481A-9BD0-3D3F48EB5A18}.Release|x86.Build.0 = Release|x86
	EndGlobalSection
	GlobalSection(SolutionProperties) = preSolution
		HideSolutionNode = FALSE
	EndGlobalSection
EndGlobal
